
Microsoft Visual Studio Solution File, Format Version 12.00
# Visual Studio Version 16
VisualStudioVersion = 16.0.29318.209
MinimumVisualStudioVersion = 10.0.40219.1
Project("{FAE04EC0-301F-11D3-BF4B-00C04F79EFBC}") = "ShopOnline", "ShopOnline\ShopOnline.csproj", "{19FD1C56-5EFC-4D08-B97B-D9A0261158FE}"
EndProject
Project("{FAE04EC0-301F-11D3-BF4B-00C04F79EFBC}") = "Models", "Models\Models.csproj", "{AF935558-BF38-4CD8-A20B-FE17BF6A9643}"
EndProject
Global
	GlobalSection(SolutionConfigurationPlatforms) = preSolution
		Debug|Any CPU = Debug|Any CPU
		Release|Any CPU = Release|Any CPU
	EndGlobalSection
	GlobalSection(ProjectConfigurationPlatforms) = postSolution
		{19FD1C56-5EFC-4D08-B97B-D9A0261158FE}.Debug|Any CPU.ActiveCfg = Debug|Any CPU
		{19FD1C56-5EFC-4D08-B97B-D9A0261158FE}.Debug|Any CPU.Build.0 = Debug|Any CPU
		{19FD1C56-5EFC-4D08-B97B-D9A0261158FE}.Release|Any CPU.ActiveCfg = Release|Any CPU
		{19FD1C56-5EFC-4D08-B97B-D9A0261158FE}.Release|Any CPU.Build.0 = Release|Any CPU
		{AF935558-BF38-4CD8-A20B-FE17BF6A9643}.Debug|Any CPU.ActiveCfg = Debug|Any CPU
		{AF935558-BF38-4CD8-A20B-FE17BF6A9643}.Debug|Any CPU.Build.0 = Debug|Any CPU
		{AF935558-BF38-4CD8-A20B-FE17BF6A9643}.Release|Any CPU.ActiveCfg = Release|Any CPU
		{AF935558-BF38-4CD8-A20B-FE17BF6A9643}.Release|Any CPU.Build.0 = Release|Any CPU
	EndGlobalSection
	GlobalSection(SolutionProperties) = preSolution
		HideSolutionNode = FALSE
	EndGlobalSection
	GlobalSection(ExtensibilityGlobals) = postSolution
		SolutionGuid = {0E445F95-1F94-4DC7-95CF-E2118EF763E4}
	EndGlobalSection
EndGlobal
